// !$*UTF8*$!
{
	archiveVersion = 1;
	classes = {
	};
	objectVersion = 50;
	objects = {

/* Begin PBXBuildFile section */
		881A102725C45DE1007B1A04 /* MeetingHeaderView.swift in Sources */ = {isa = PBXBuildFile; fileRef = 881A102625C45DE1007B1A04 /* MeetingHeaderView.swift */; };
		881A102C25C58711007B1A04 /* ScrumProgressViewStyle.swift in Sources */ = {isa = PBXBuildFile; fileRef = 881A102B25C58711007B1A04 /* ScrumProgressViewStyle.swift */; };
		881A103025C589C9007B1A04 /* ScrumTimer.swift in Sources */ = {isa = PBXBuildFile; fileRef = 881A102F25C589C9007B1A04 /* ScrumTimer.swift */; };
		881A103325C5A240007B1A04 /* MeetingFooterView.swift in Sources */ = {isa = PBXBuildFile; fileRef = 881A103225C5A240007B1A04 /* MeetingFooterView.swift */; };
		881A103725C5B65B007B1A04 /* AVPlayer+Ding.swift in Sources */ = {isa = PBXBuildFile; fileRef = 881A103625C5B65B007B1A04 /* AVPlayer+Ding.swift */; };
		881A104025C5B833007B1A04 /* ding.wav in Resources */ = {isa = PBXBuildFile; fileRef = 881A103F25C5B833007B1A04 /* ding.wav */; };
		881A104425C6ECA2007B1A04 /* History.swift in Sources */ = {isa = PBXBuildFile; fileRef = 881A104325C6ECA2007B1A04 /* History.swift */; };
		8853D45E25BEED1E002678A1 /* ScrumdingerApp.swift in Sources */ = {isa = PBXBuildFile; fileRef = 8853D45D25BEED1E002678A1 /* ScrumdingerApp.swift */; };
		8853D46025BEED1E002678A1 /* MeetingView.swift in Sources */ = {isa = PBXBuildFile; fileRef = 8853D45F25BEED1E002678A1 /* MeetingView.swift */; };
		8853D46225BEED22002678A1 /* Assets.xcassets in Resources */ = {isa = PBXBuildFile; fileRef = 8853D46125BEED22002678A1 /* Assets.xcassets */; };
		8853D46525BEED22002678A1 /* Preview Assets.xcassets in Resources */ = {isa = PBXBuildFile; fileRef = 8853D46425BEED22002678A1 /* Preview Assets.xcassets */; };
		8853D47125BF6885002678A1 /* Color_Codable.swift in Sources */ = {isa = PBXBuildFile; fileRef = 8853D47025BF6885002678A1 /* Color_Codable.swift */; };
		8853D47425BF6985002678A1 /* DailyScrum.swift in Sources */ = {isa = PBXBuildFile; fileRef = 8853D47325BF6985002678A1 /* DailyScrum.swift */; };
		8853D47725BF6B68002678A1 /* Cardview.swift in Sources */ = {isa = PBXBuildFile; fileRef = 8853D47625BF6B68002678A1 /* Cardview.swift */; };
		8853D47B25C00A85002678A1 /* ScrumsView.swift in Sources */ = {isa = PBXBuildFile; fileRef = 8853D47A25C00A85002678A1 /* ScrumsView.swift */; };
		8853D48425C0721E002678A1 /* DetailView.swift in Sources */ = {isa = PBXBuildFile; fileRef = 8853D48325C0721E002678A1 /* DetailView.swift */; };
		8853D48925C16FA2002678A1 /* EditView.swift in Sources */ = {isa = PBXBuildFile; fileRef = 8853D48825C16FA2002678A1 /* EditView.swift */; };
		88A2219A25C732D300CB1D7C /* ScrumData.swift in Sources */ = {isa = PBXBuildFile; fileRef = 88A2219925C732D300CB1D7C /* ScrumData.swift */; };
		88A2219D25C8277700CB1D7C /* MeetingTimerView.swift in Sources */ = {isa = PBXBuildFile; fileRef = 88A2219C25C8277700CB1D7C /* MeetingTimerView.swift */; };
		88A221A625C9699A00CB1D7C /* SpeechRecognizer.swift in Sources */ = {isa = PBXBuildFile; fileRef = 88A221A525C9699900CB1D7C /* SpeechRecognizer.swift */; };
		88A221A925C9732D00CB1D7C /* HistoryView.swift in Sources */ = {isa = PBXBuildFile; fileRef = 88A221A825C9732D00CB1D7C /* HistoryView.swift */; };
/* End PBXBuildFile section */

/* Begin PBXFileReference section */
		881A102625C45DE1007B1A04 /* MeetingHeaderView.swift */ = {isa = PBXFileReference; lastKnownFileType = sourcecode.swift; path = MeetingHeaderView.swift; sourceTree = "<group>"; };
		881A102B25C58711007B1A04 /* ScrumProgressViewStyle.swift */ = {isa = PBXFileReference; lastKnownFileType = sourcecode.swift; path = ScrumProgressViewStyle.swift; sourceTree = "<group>"; };
		881A102F25C589C9007B1A04 /* ScrumTimer.swift */ = {isa = PBXFileReference; lastKnownFileType = sourcecode.swift; path = ScrumTimer.swift; sourceTree = "<group>"; };
		881A103225C5A240007B1A04 /* MeetingFooterView.swift */ = {isa = PBXFileReference; lastKnownFileType = sourcecode.swift; path = MeetingFooterView.swift; sourceTree = "<group>"; };
		881A103625C5B65B007B1A04 /* AVPlayer+Ding.swift */ = {isa = PBXFileReference; lastKnownFileType = sourcecode.swift; path = "AVPlayer+Ding.swift"; sourceTree = "<group>"; };
		881A103F25C5B833007B1A04 /* ding.wav */ = {isa = PBXFileReference; lastKnownFileType = audio.wav; path = ding.wav; sourceTree = "<group>"; };
		881A104325C6ECA2007B1A04 /* History.swift */ = {isa = PBXFileReference; lastKnownFileType = sourcecode.swift; path = History.swift; sourceTree = "<group>"; };
		8853D45A25BEED1E002678A1 /* Scrumdinger.app */ = {isa = PBXFileReference; explicitFileType = wrapper.application; includeInIndex = 0; path = Scrumdinger.app; sourceTree = BUILT_PRODUCTS_DIR; };
		8853D45D25BEED1E002678A1 /* ScrumdingerApp.swift */ = {isa = PBXFileReference; lastKnownFileType = sourcecode.swift; path = ScrumdingerApp.swift; sourceTree = "<group>"; };
		8853D45F25BEED1E002678A1 /* MeetingView.swift */ = {isa = PBXFileReference; lastKnownFileType = sourcecode.swift; path = MeetingView.swift; sourceTree = "<group>"; };
		8853D46125BEED22002678A1 /* Assets.xcassets */ = {isa = PBXFileReference; lastKnownFileType = folder.assetcatalog; path = Assets.xcassets; sourceTree = "<group>"; };
		8853D46425BEED22002678A1 /* Preview Assets.xcassets */ = {isa = PBXFileReference; lastKnownFileType = folder.assetcatalog; path = "Preview Assets.xcassets"; sourceTree = "<group>"; };
		8853D46625BEED22002678A1 /* Info.plist */ = {isa = PBXFileReference; lastKnownFileType = text.plist.xml; path = Info.plist; sourceTree = "<group>"; };
		8853D47025BF6885002678A1 /* Color_Codable.swift */ = {isa = PBXFileReference; lastKnownFileType = sourcecode.swift; path = Color_Codable.swift; sourceTree = "<group>"; };
		8853D47325BF6985002678A1 /* DailyScrum.swift */ = {isa = PBXFileReference; lastKnownFileType = sourcecode.swift; path = DailyScrum.swift; sourceTree = "<group>"; };
		8853D47625BF6B68002678A1 /* Cardview.swift */ = {isa = PBXFileReference; lastKnownFileType = sourcecode.swift; path = Cardview.swift; sourceTree = "<group>"; };
		8853D47A25C00A85002678A1 /* ScrumsView.swift */ = {isa = PBXFileReference; lastKnownFileType = sourcecode.swift; path = ScrumsView.swift; sourceTree = "<group>"; };
		8853D48325C0721E002678A1 /* DetailView.swift */ = {isa = PBXFileReference; lastKnownFileType = sourcecode.swift; path = DetailView.swift; sourceTree = "<group>"; };
		8853D48825C16FA2002678A1 /* EditView.swift */ = {isa = PBXFileReference; lastKnownFileType = sourcecode.swift; path = EditView.swift; sourceTree = "<group>"; };
		88A2219925C732D300CB1D7C /* ScrumData.swift */ = {isa = PBXFileReference; lastKnownFileType = sourcecode.swift; path = ScrumData.swift; sourceTree = "<group>"; };
		88A2219C25C8277700CB1D7C /* MeetingTimerView.swift */ = {isa = PBXFileReference; lastKnownFileType = sourcecode.swift; path = MeetingTimerView.swift; sourceTree = "<group>"; };
		88A221A525C9699900CB1D7C /* SpeechRecognizer.swift */ = {isa = PBXFileReference; lastKnownFileType = sourcecode.swift; path = SpeechRecognizer.swift; sourceTree = "<group>"; };
		88A221A825C9732D00CB1D7C /* HistoryView.swift */ = {isa = PBXFileReference; lastKnownFileType = sourcecode.swift; path = HistoryView.swift; sourceTree = "<group>"; };
/* End PBXFileReference section */

/* Begin PBXFrameworksBuildPhase section */
		8853D45725BEED1E002678A1 /* Frameworks */ = {
			isa = PBXFrameworksBuildPhase;
			buildActionMask = 2147483647;
			files = (
			);
			runOnlyForDeploymentPostprocessing = 0;
		};
/* End PBXFrameworksBuildPhase section */

/* Begin PBXGroup section */
		881A103925C5B68C007B1A04 /* Resources */ = {
			isa = PBXGroup;
			children = (
				881A103F25C5B833007B1A04 /* ding.wav */,
			);
			path = Resources;
			sourceTree = "<group>";
		};
		8853D45125BEED1E002678A1 = {
			isa = PBXGroup;
			children = (
				8853D45C25BEED1E002678A1 /* Scrumdinger */,
				8853D45B25BEED1E002678A1 /* Products */,
			);
			sourceTree = "<group>";
		};
		8853D45B25BEED1E002678A1 /* Products */ = {
			isa = PBXGroup;
			children = (
				8853D45A25BEED1E002678A1 /* Scrumdinger.app */,
			);
			name = Products;
			sourceTree = "<group>";
		};
		8853D45C25BEED1E002678A1 /* Scrumdinger */ = {
			isa = PBXGroup;
			children = (
				8853D45D25BEED1E002678A1 /* ScrumdingerApp.swift */,
				8853D47A25C00A85002678A1 /* ScrumsView.swift */,
				88A221A125C8529300CB1D7C /* ScrumView Components */,
				8853D48325C0721E002678A1 /* DetailView.swift */,
				8853D48825C16FA2002678A1 /* EditView.swift */,
				8853D45F25BEED1E002678A1 /* MeetingView.swift */,
				88A221A825C9732D00CB1D7C /* HistoryView.swift */,
				88A221A025C8526000CB1D7C /* MeetingView Components */,
				8853D46F25BF6855002678A1 /* Models */,
				881A103925C5B68C007B1A04 /* Resources */,
				8853D46125BEED22002678A1 /* Assets.xcassets */,
				8853D46625BEED22002678A1 /* Info.plist */,
				8853D46325BEED22002678A1 /* Preview Content */,
			);
			path = Scrumdinger;
			sourceTree = "<group>";
		};
		8853D46325BEED22002678A1 /* Preview Content */ = {
			isa = PBXGroup;
			children = (
				8853D46425BEED22002678A1 /* Preview Assets.xcassets */,
			);
			path = "Preview Content";
			sourceTree = "<group>";
		};
		8853D46F25BF6855002678A1 /* Models */ = {
			isa = PBXGroup;
			children = (
				88A2219925C732D300CB1D7C /* ScrumData.swift */,
				8853D47325BF6985002678A1 /* DailyScrum.swift */,
				881A104325C6ECA2007B1A04 /* History.swift */,
				881A102F25C589C9007B1A04 /* ScrumTimer.swift */,
				881A103625C5B65B007B1A04 /* AVPlayer+Ding.swift */,
				8853D47025BF6885002678A1 /* Color_Codable.swift */,
				88A221A525C9699900CB1D7C /* SpeechRecognizer.swift */,
			);
			path = Models;
			sourceTree = "<group>";
		};
		88A221A025C8526000CB1D7C /* MeetingView Components */ = {
			isa = PBXGroup;
			children = (
				88A221A325C8537000CB1D7C /* View Style */,
				881A102625C45DE1007B1A04 /* MeetingHeaderView.swift */,
				88A2219C25C8277700CB1D7C /* MeetingTimerView.swift */,
				881A103225C5A240007B1A04 /* MeetingFooterView.swift */,
			);
			path = "MeetingView Components";
			sourceTree = "<group>";
		};
		88A221A125C8529300CB1D7C /* ScrumView Components */ = {
			isa = PBXGroup;
			children = (
				8853D47625BF6B68002678A1 /* Cardview.swift */,
			);
			path = "ScrumView Components";
			sourceTree = "<group>";
		};
		88A221A325C8537000CB1D7C /* View Style */ = {
			isa = PBXGroup;
			children = (
				881A102B25C58711007B1A04 /* ScrumProgressViewStyle.swift */,
			);
			path = "View Style";
			sourceTree = "<group>";
		};
/* End PBXGroup section */

/* Begin PBXNativeTarget section */
		8853D45925BEED1E002678A1 /* Scrumdinger */ = {
			isa = PBXNativeTarget;
			buildConfigurationList = 8853D46925BEED22002678A1 /* Build configuration list for PBXNativeTarget "Scrumdinger" */;
			buildPhases = (
				8853D45625BEED1E002678A1 /* Sources */,
				8853D45725BEED1E002678A1 /* Frameworks */,
				8853D45825BEED1E002678A1 /* Resources */,
			);
			buildRules = (
			);
			dependencies = (
			);
			name = Scrumdinger;
			productName = Scrumdinger;
			productReference = 8853D45A25BEED1E002678A1 /* Scrumdinger.app */;
			productType = "com.apple.product-type.application";
		};
/* End PBXNativeTarget section */

/* Begin PBXProject section */
		8853D45225BEED1E002678A1 /* Project object */ = {
			isa = PBXProject;
			attributes = {
				LastSwiftUpdateCheck = 1220;
				LastUpgradeCheck = 1220;
				TargetAttributes = {
					8853D45925BEED1E002678A1 = {
						CreatedOnToolsVersion = 12.2;
					};
				};
			};
			buildConfigurationList = 8853D45525BEED1E002678A1 /* Build configuration list for PBXProject "Scrumdinger" */;
			compatibilityVersion = "Xcode 9.3";
			developmentRegion = en;
			hasScannedForEncodings = 0;
			knownRegions = (
				en,
				Base,
			);
			mainGroup = 8853D45125BEED1E002678A1;
			productRefGroup = 8853D45B25BEED1E002678A1 /* Products */;
			projectDirPath = "";
			projectRoot = "";
			targets = (
				8853D45925BEED1E002678A1 /* Scrumdinger */,
			);
		};
/* End PBXProject section */

/* Begin PBXResourcesBuildPhase section */
		8853D45825BEED1E002678A1 /* Resources */ = {
			isa = PBXResourcesBuildPhase;
			buildActionMask = 2147483647;
			files = (
				881A104025C5B833007B1A04 /* ding.wav in Resources */,
				8853D46525BEED22002678A1 /* Preview Assets.xcassets in Resources */,
				8853D46225BEED22002678A1 /* Assets.xcassets in Resources */,
			);
			runOnlyForDeploymentPostprocessing = 0;
		};
/* End PBXResourcesBuildPhase section */

/* Begin PBXSourcesBuildPhase section */
		8853D45625BEED1E002678A1 /* Sources */ = {
			isa = PBXSourcesBuildPhase;
			buildActionMask = 2147483647;
			files = (
				8853D47425BF6985002678A1 /* DailyScrum.swift in Sources */,
				8853D47B25C00A85002678A1 /* ScrumsView.swift in Sources */,
				881A104425C6ECA2007B1A04 /* History.swift in Sources */,
				88A221A625C9699A00CB1D7C /* SpeechRecognizer.swift in Sources */,
				8853D48925C16FA2002678A1 /* EditView.swift in Sources */,
				881A103725C5B65B007B1A04 /* AVPlayer+Ding.swift in Sources */,
				88A2219A25C732D300CB1D7C /* ScrumData.swift in Sources */,
				88A221A925C9732D00CB1D7C /* HistoryView.swift in Sources */,
				88A2219D25C8277700CB1D7C /* MeetingTimerView.swift in Sources */,
				881A102725C45DE1007B1A04 /* MeetingHeaderView.swift in Sources */,
				8853D47125BF6885002678A1 /* Color_Codable.swift in Sources */,
				881A103325C5A240007B1A04 /* MeetingFooterView.swift in Sources */,
				8853D48425C0721E002678A1 /* DetailView.swift in Sources */,
				881A103025C589C9007B1A04 /* ScrumTimer.swift in Sources */,
				8853D47725BF6B68002678A1 /* Cardview.swift in Sources */,
				8853D46025BEED1E002678A1 /* MeetingView.swift in Sources */,
				881A102C25C58711007B1A04 /* ScrumProgressViewStyle.swift in Sources */,
				8853D45E25BEED1E002678A1 /* ScrumdingerApp.swift in Sources */,
			);
			runOnlyForDeploymentPostprocessing = 0;
		};
/* End PBXSourcesBuildPhase section */

/* Begin XCBuildConfiguration section */
		8853D46725BEED22002678A1 /* Debug */ = {
			isa = XCBuildConfiguration;
			buildSettings = {
				ALWAYS_SEARCH_USER_PATHS = NO;
				CLANG_ANALYZER_NONNULL = YES;
				CLANG_ANALYZER_NUMBER_OBJECT_CONVERSION = YES_AGGRESSIVE;
				CLANG_CXX_LANGUAGE_STANDARD = "gnu++14";
				CLANG_CXX_LIBRARY = "libc++";
				CLANG_ENABLE_MODULES = YES;
				CLANG_ENABLE_OBJC_ARC = YES;
				CLANG_ENABLE_OBJC_WEAK = YES;
				CLANG_WARN_BLOCK_CAPTURE_AUTORELEASING = YES;
				CLANG_WARN_BOOL_CONVERSION = YES;
				CLANG_WARN_COMMA = YES;
				CLANG_WARN_CONSTANT_CONVERSION = YES;
				CLANG_WARN_DEPRECATED_OBJC_IMPLEMENTATIONS = YES;
				CLANG_WARN_DIRECT_OBJC_ISA_USAGE = YES_ERROR;
				CLANG_WARN_DOCUMENTATION_COMMENTS = YES;
				CLANG_WARN_EMPTY_BODY = YES;
				CLANG_WARN_ENUM_CONVERSION = YES;
				CLANG_WARN_INFINITE_RECURSION = YES;
				CLANG_WARN_INT_CONVERSION = YES;
				CLANG_WARN_NON_LITERAL_NULL_CONVERSION = YES;
				CLANG_WARN_OBJC_IMPLICIT_RETAIN_SELF = YES;
				CLANG_WARN_OBJC_LITERAL_CONVERSION = YES;
				CLANG_WARN_OBJC_ROOT_CLASS = YES_ERROR;
				CLANG_WARN_QUOTED_INCLUDE_IN_FRAMEWORK_HEADER = YES;
				CLANG_WARN_RANGE_LOOP_ANALYSIS = YES;
				CLANG_WARN_STRICT_PROTOTYPES = YES;
				CLANG_WARN_SUSPICIOUS_MOVE = YES;
				CLANG_WARN_UNGUARDED_AVAILABILITY = YES_AGGRESSIVE;
				CLANG_WARN_UNREACHABLE_CODE = YES;
				CLANG_WARN__DUPLICATE_METHOD_MATCH = YES;
				COPY_PHASE_STRIP = NO;
				DEBUG_INFORMATION_FORMAT = dwarf;
				ENABLE_STRICT_OBJC_MSGSEND = YES;
				ENABLE_TESTABILITY = YES;
				GCC_C_LANGUAGE_STANDARD = gnu11;
				GCC_DYNAMIC_NO_PIC = NO;
				GCC_NO_COMMON_BLOCKS = YES;
				GCC_OPTIMIZATION_LEVEL = 0;
				GCC_PREPROCESSOR_DEFINITIONS = (
					"DEBUG=1",
					"$(inherited)",
				);
				GCC_WARN_64_TO_32_BIT_CONVERSION = YES;
				GCC_WARN_ABOUT_RETURN_TYPE = YES_ERROR;
				GCC_WARN_UNDECLARED_SELECTOR = YES;
				GCC_WARN_UNINITIALIZED_AUTOS = YES_AGGRESSIVE;
				GCC_WARN_UNUSED_FUNCTION = YES;
				GCC_WARN_UNUSED_VARIABLE = YES;
				IPHONEOS_DEPLOYMENT_TARGET = 14.2;
				MTL_ENABLE_DEBUG_INFO = INCLUDE_SOURCE;
				MTL_FAST_MATH = YES;
				ONLY_ACTIVE_ARCH = YES;
				SDKROOT = iphoneos;
				SWIFT_ACTIVE_COMPILATION_CONDITIONS = DEBUG;
				SWIFT_OPTIMIZATION_LEVEL = "-Onone";
			};
			name = Debug;
		};
		8853D46825BEED22002678A1 /* Release */ = {
			isa = XCBuildConfiguration;
			buildSettings = {
				ALWAYS_SEARCH_USER_PATHS = NO;
				CLANG_ANALYZER_NONNULL = YES;
				CLANG_ANALYZER_NUMBER_OBJECT_CONVERSION = YES_AGGRESSIVE;
				CLANG_CXX_LANGUAGE_STANDARD = "gnu++14";
				CLANG_CXX_LIBRARY = "libc++";
				CLANG_ENABLE_MODULES = YES;
				CLANG_ENABLE_OBJC_ARC = YES;
				CLANG_ENABLE_OBJC_WEAK = YES;
				CLANG_WARN_BLOCK_CAPTURE_AUTORELEASING = YES;
				CLANG_WARN_BOOL_CONVERSION = YES;
				CLANG_WARN_COMMA = YES;
				CLANG_WARN_CONSTANT_CONVERSION = YES;
				CLANG_WARN_DEPRECATED_OBJC_IMPLEMENTATIONS = YES;
				CLANG_WARN_DIRECT_OBJC_ISA_USAGE = YES_ERROR;
				CLANG_WARN_DOCUMENTATION_COMMENTS = YES;
				CLANG_WARN_EMPTY_BODY = YES;
				CLANG_WARN_ENUM_CONVERSION = YES;
				CLANG_WARN_INFINITE_RECURSION = YES;
				CLANG_WARN_INT_CONVERSION = YES;
				CLANG_WARN_NON_LITERAL_NULL_CONVERSION = YES;
				CLANG_WARN_OBJC_IMPLICIT_RETAIN_SELF = YES;
				CLANG_WARN_OBJC_LITERAL_CONVERSION = YES;
				CLANG_WARN_OBJC_ROOT_CLASS = YES_ERROR;
				CLANG_WARN_QUOTED_INCLUDE_IN_FRAMEWORK_HEADER = YES;
				CLANG_WARN_RANGE_LOOP_ANALYSIS = YES;
				CLANG_WARN_STRICT_PROTOTYPES = YES;
				CLANG_WARN_SUSPICIOUS_MOVE = YES;
				CLANG_WARN_UNGUARDED_AVAILABILITY = YES_AGGRESSIVE;
				CLANG_WARN_UNREACHABLE_CODE = YES;
				CLANG_WARN__DUPLICATE_METHOD_MATCH = YES;
				COPY_PHASE_STRIP = NO;
				DEBUG_INFORMATION_FORMAT = "dwarf-with-dsym";
				ENABLE_NS_ASSERTIONS = NO;
				ENABLE_STRICT_OBJC_MSGSEND = YES;
				GCC_C_LANGUAGE_STANDARD = gnu11;
				GCC_NO_COMMON_BLOCKS = YES;
				GCC_WARN_64_TO_32_BIT_CONVERSION = YES;
				GCC_WARN_ABOUT_RETURN_TYPE = YES_ERROR;
				GCC_WARN_UNDECLARED_SELECTOR = YES;
				GCC_WARN_UNINITIALIZED_AUTOS = YES_AGGRESSIVE;
				GCC_WARN_UNUSED_FUNCTION = YES;
				GCC_WARN_UNUSED_VARIABLE = YES;
				IPHONEOS_DEPLOYMENT_TARGET = 14.2;
				MTL_ENABLE_DEBUG_INFO = NO;
				MTL_FAST_MATH = YES;
				SDKROOT = iphoneos;
				SWIFT_COMPILATION_MODE = wholemodule;
				SWIFT_OPTIMIZATION_LEVEL = "-O";
				VALIDATE_PRODUCT = YES;
			};
			name = Release;
		};
		8853D46A25BEED22002678A1 /* Debug */ = {
			isa = XCBuildConfiguration;
			buildSettings = {
				ASSETCATALOG_COMPILER_APPICON_NAME = AppIcon;
				ASSETCATALOG_COMPILER_GLOBAL_ACCENT_COLOR_NAME = AccentColor;
				CODE_SIGN_STYLE = Automatic;
				DEVELOPMENT_ASSET_PATHS = "\"Scrumdinger/Preview Content\"";
				DEVELOPMENT_TEAM = 58Y54YM5MN;
				ENABLE_PREVIEWS = YES;
				INFOPLIST_FILE = Scrumdinger/Info.plist;
				IPHONEOS_DEPLOYMENT_TARGET = 14.0;
				LD_RUNPATH_SEARCH_PATHS = (
					"$(inherited)",
					"@executable_path/Frameworks",
				);
				PRODUCT_BUNDLE_IDENTIFIER = dranchuk.Scrumdinger;
				PRODUCT_NAME = "$(TARGET_NAME)";
				SWIFT_VERSION = 5.0;
				TARGETED_DEVICE_FAMILY = "1,2";
			};
			name = Debug;
		};
		8853D46B25BEED22002678A1 /* Release */ = {
			isa = XCBuildConfiguration;
			buildSettings = {
				ASSETCATALOG_COMPILER_APPICON_NAME = AppIcon;
				ASSETCATALOG_COMPILER_GLOBAL_ACCENT_COLOR_NAME = AccentColor;
				CODE_SIGN_STYLE = Automatic;
				DEVELOPMENT_ASSET_PATHS = "\"Scrumdinger/Preview Content\"";
				DEVELOPMENT_TEAM = 58Y54YM5MN;
				ENABLE_PREVIEWS = YES;
				INFOPLIST_FILE = Scrumdinger/Info.plist;
				IPHONEOS_DEPLOYMENT_TARGET = 14.0;
				LD_RUNPATH_SEARCH_PATHS = (
					"$(inherited)",
					"@executable_path/Frameworks",
				);
				PRODUCT_BUNDLE_IDENTIFIER = dranchuk.Scrumdinger;
				PRODUCT_NAME = "$(TARGET_NAME)";
				SWIFT_VERSION = 5.0;
				TARGETED_DEVICE_FAMILY = "1,2";
			};
			name = Release;
		};
/* End XCBuildConfiguration section */

/* Begin XCConfigurationList section */
		8853D45525BEED1E002678A1 /* Build configuration list for PBXProject "Scrumdinger" */ = {
			isa = XCConfigurationList;
			buildConfigurations = (
				8853D46725BEED22002678A1 /* Debug */,
				8853D46825BEED22002678A1 /* Release */,
			);
			defaultConfigurationIsVisible = 0;
			defaultConfigurationName = Release;
		};
		8853D46925BEED22002678A1 /* Build configuration list for PBXNativeTarget "Scrumdinger" */ = {
			isa = XCConfigurationList;
			buildConfigurations = (
				8853D46A25BEED22002678A1 /* Debug */,
				8853D46B25BEED22002678A1 /* Release */,
			);
			defaultConfigurationIsVisible = 0;
			defaultConfigurationName = Release;
		};
/* End XCConfigurationList section */
	};
	rootObject = 8853D45225BEED1E002678A1 /* Project object */;
}
